Microsoft Visual Studio Solution File, Format Version 12.00
# Visual Studio Version 17
VisualStudioVersion = 17.0.31903.59
MinimumVisualStudioVersion = 10.0.40219.1
Project("{9A19103F-16F7-4668-BE54-9A1E7A4F7556}") = "NatCruise.Wpf", "NatCruise.Wpf\NatCruise.Wpf.csproj", "{5ECD0664-39BD-425D-AB54-594FF7B33C11}"
EndProject
Project("{9A19103F-16F7-4668-BE54-9A1E7A4F7556}") = "NatCruise.Core", "NatCruise.Core\NatCruise.Core.csproj", "{B9C8A3D2-BEA7-4FFE-AB87-0BBF10CD4A98}"
EndProject
Project("{FAE04EC0-301F-11D3-BF4B-00C04F79EFBC}") = "FScruiser.Droid", "FScruiser.Droid\FScruiser.Droid.csproj", "{C05A7B01-044C-4532-98A8-0A318BC03891}"
EndProject
Project("{2150E333-8FDC-42A3-9474-1A3956D46DE8}") = "Solution Items", "Solution Items", "{980DE186-2CED-45FD-A1F6-6EF97E62F79C}"
	ProjectSection(SolutionItems) = preProject
		.editorconfig = .editorconfig
		Build_Installer_PC.bat = Build_Installer_PC.bat
		Build_Publish_PC.cmd = Build_Publish_PC.cmd
		Build_Release_PC.cmd = Build_Release_PC.cmd
		Build_ZipArtifact.cmd = Build_ZipArtifact.cmd
		Directory.Build.props = Directory.Build.props
		Directory.Build.targets = Directory.Build.targets
		NuGet.config = NuGet.config
		Pack_FScruiser_AAB.cmd = Pack_FScruiser_AAB.cmd
		Pack_FScruiser_APK.cmd = Pack_FScruiser_APK.cmd
		buildTasks\ProcessCodeTemplate.cs = buildTasks\ProcessCodeTemplate.cs
	EndProjectSection
EndProject
Project("{9A19103F-16F7-4668-BE54-9A1E7A4F7556}") = "FScruiser.Xamarin", "FScruiser.Xamarin\FScruiser.Xamarin.csproj", "{4F88C7B5-8874-4277-A59A-0F39234481BE}"
EndProject
Project("{9A19103F-16F7-4668-BE54-9A1E7A4F7556}") = "FScruiser.Xamarin.Test", "FScruiser.Xamarin.Test\FScruiser.Xamarin.Test.csproj", "{F2CE2051-A22B-46D0-86BB-B243A08854D0}"
EndProject
Project("{9A19103F-16F7-4668-BE54-9A1E7A4F7556}") = "NatCruise.Core.Test", "NatCruise.Core.Test\NatCruise.Core.Test.csproj", "{A8F4A493-8361-4128-83B7-ABD2DC7207F3}"
EndProject
Project("{D954291E-2A0B-460D-934E-DC6B0785DB48}") = "NatCruise.Test.Common", "NatCruise.Test.Common\NatCruise.Test.Common.shproj", "{C27D43F1-B37F-4488-A829-B0C2C499102D}"
EndProject
Project("{9A19103F-16F7-4668-BE54-9A1E7A4F7556}") = "FMSC.ORM", "C:\Users\BenCamps\Documents\FMSC_GitHub\CruiseDAL\src\FMSC.ORM\FMSC.ORM.csproj", "{34740369-389B-4059-B5DE-F991F66F27E7}"
EndProject
Project("{9A19103F-16F7-4668-BE54-9A1E7A4F7556}") = "CruiseDAL.Core", "C:\Users\BenCamps\Documents\FMSC_GitHub\CruiseDAL\src\CruiseDAL.Core\CruiseDAL.Core.csproj", "{28EE9387-9866-4ED0-B470-26AF295A0A57}"
EndProject
Project("{9A19103F-16F7-4668-BE54-9A1E7A4F7556}") = "CruiseDAL.V3", "C:\Users\BenCamps\Documents\FMSC_GitHub\CruiseDAL\src\CruiseDAL.V3\CruiseDAL.V3.csproj", "{ED6BA0E1-BC43-43E2-8EDB-85654B649A2A}"
EndProject
Project("{9A19103F-16F7-4668-BE54-9A1E7A4F7556}") = "CruiseDAL.V3.Models", "C:\Users\BenCamps\Documents\FMSC_GitHub\CruiseDAL\src\CruiseDAL.V3.Models\CruiseDAL.V3.Models.csproj", "{0758E16E-5217-4627-B1F6-8E6EF9621BBC}"
EndProject
Project("{9A19103F-16F7-4668-BE54-9A1E7A4F7556}") = "CruiseDAL.V3.Sync", "C:\Users\BenCamps\Documents\FMSC_GitHub\CruiseDAL\src\CruiseDAL.V3.Sync\CruiseDAL.V3.Sync.csproj", "{755588EE-2966-40B9-9B11-E273B9BDB828}"
EndProject
Project("{2150E333-8FDC-42A3-9474-1A3956D46DE8}") = "CruiseDAL", "CruiseDAL", "{355C4190-4178-41FA-89AE-EF202205545C}"
EndProject
Project("{9A19103F-16F7-4668-BE54-9A1E7A4F7556}") = "CruiseDAL.V3.UpConvert", "C:\Users\BenCamps\Documents\FMSC_GitHub\CruiseDAL\src\CruiseDAL.V3.UpConvert\CruiseDAL.V3.UpConvert.csproj", "{E7707D6E-760C-4934-91E2-DD1D0C6D8E9C}"
EndProject
Project("{2150E333-8FDC-42A3-9474-1A3956D46DE8}") = "Test Projects", "Test Projects", "{FEA7B92B-98BA-46EA-8968-CBDE76CF24D7}"
EndProject
Project("{2150E333-8FDC-42A3-9474-1A3956D46DE8}") = "DataGrid", "DataGrid", "{180EFDF1-F198-40A6-B9F8-5DEB8932C4B9}"
EndProject
Project("{9A19103F-16F7-4668-BE54-9A1E7A4F7556}") = "Xamarin.Forms.DataGrid", "..\Xamarin.Forms.DataGrid\Xamarin.Forms.DataGrid\Xamarin.Forms.DataGrid.csproj", "{8B6F758A-697D-4C58-9E8A-9FA10CB04796}"
EndProject
Project("{9A19103F-16F7-4668-BE54-9A1E7A4F7556}") = "FScruiser.Droid.Test", "FScruiser.Droid.Test\FScruiser.Droid.Test.csproj", "{649EE027-7DC2-4578-8E5E-33812482E6B4}"
EndProject
Project("{9A19103F-16F7-4668-BE54-9A1E7A4F7556}") = "NatCruise.Wpf.Test", "NatCruise.Wpf.Test\NatCruise.Wpf.Test.csproj", "{E6AFA8AC-1FAE-475C-B680-A996975A29B6}"
EndProject
Project("{9A19103F-16F7-4668-BE54-9A1E7A4F7556}") = "CruiseDAL.V2.Updater", "C:\Users\BenCamps\Documents\FMSC_GitHub\CruiseDAL\src\CruiseDAL.V2.Updater\CruiseDAL.V2.Updater.csproj", "{310C36E9-2545-466E-B6F9-F09EC4F101A1}"
EndProject
Global
	GlobalSection(SolutionConfigurationPlatforms) = preSolution
		Debug|Any CPU = Debug|Any CPU
		Debug|x86 = Debug|x86
		Profile|Any CPU = Profile|Any CPU
		Profile|x86 = Profile|x86
		Release|Any CPU = Release|Any CPU
		Release|x86 = Release|x86
	EndGlobalSection
	GlobalSection(ProjectConfigurationPlatforms) = postSolution
		{5ECD0664-39BD-425D-AB54-594FF7B33C11}.Debug|Any CPU.ActiveCfg = Debug|Any CPU
		{5ECD0664-39BD-425D-AB54-594FF7B33C11}.Debug|Any CPU.Build.0 = Debug|Any CPU
		{5ECD0664-39BD-425D-AB54-594FF7B33C11}.Debug|x86.ActiveCfg = Debug|Any CPU
		{5ECD0664-39BD-425D-AB54-594FF7B33C11}.Debug|x86.Build.0 = Debug|Any CPU
		{5ECD0664-39BD-425D-AB54-594FF7B33C11}.Profile|Any CPU.ActiveCfg = Release|Any CPU
		{5ECD0664-39BD-425D-AB54-594FF7B33C11}.Profile|Any CPU.Build.0 = Release|Any CPU
		{5ECD0664-39BD-425D-AB54-594FF7B33C11}.Profile|x86.ActiveCfg = Release|Any CPU
		{5ECD0664-39BD-425D-AB54-594FF7B33C11}.Profile|x86.Build.0 = Release|Any CPU
		{5ECD0664-39BD-425D-AB54-594FF7B33C11}.Release|Any CPU.ActiveCfg = Release|Any CPU
		{5ECD0664-39BD-425D-AB54-594FF7B33C11}.Release|Any CPU.Build.0 = Release|Any CPU
		{5ECD0664-39BD-425D-AB54-594FF7B33C11}.Release|x86.ActiveCfg = Release|Any CPU
		{5ECD0664-39BD-425D-AB54-594FF7B33C11}.Release|x86.Build.0 = Release|Any CPU
		{B9C8A3D2-BEA7-4FFE-AB87-0BBF10CD4A98}.Debug|Any CPU.ActiveCfg = Debug|Any CPU
		{B9C8A3D2-BEA7-4FFE-AB87-0BBF10CD4A98}.Debug|Any CPU.Build.0 = Debug|Any CPU
		{B9C8A3D2-BEA7-4FFE-AB87-0BBF10CD4A98}.Debug|x86.ActiveCfg = Debug|Any CPU
		{B9C8A3D2-BEA7-4FFE-AB87-0BBF10CD4A98}.Debug|x86.Build.0 = Debug|Any CPU
		{B9C8A3D2-BEA7-4FFE-AB87-0BBF10CD4A98}.Profile|Any CPU.ActiveCfg = Release|Any CPU
		{B9C8A3D2-BEA7-4FFE-AB87-0BBF10CD4A98}.Profile|Any CPU.Build.0 = Release|Any CPU
		{B9C8A3D2-BEA7-4FFE-AB87-0BBF10CD4A98}.Profile|x86.ActiveCfg = Release|Any CPU
		{B9C8A3D2-BEA7-4FFE-AB87-0BBF10CD4A98}.Profile|x86.Build.0 = Release|Any CPU
		{B9C8A3D2-BEA7-4FFE-AB87-0BBF10CD4A98}.Release|Any CPU.ActiveCfg = Release|Any CPU
		{B9C8A3D2-BEA7-4FFE-AB87-0BBF10CD4A98}.Release|Any CPU.Build.0 = Release|Any CPU
		{B9C8A3D2-BEA7-4FFE-AB87-0BBF10CD4A98}.Release|x86.ActiveCfg = Release|Any CPU
		{B9C8A3D2-BEA7-4FFE-AB87-0BBF10CD4A98}.Release|x86.Build.0 = Release|Any CPU
		{C05A7B01-044C-4532-98A8-0A318BC03891}.Debug|Any CPU.ActiveCfg = Debug|Any CPU
		{C05A7B01-044C-4532-98A8-0A318BC03891}.Debug|Any CPU.Build.0 = Debug|Any CPU
		{C05A7B01-044C-4532-98A8-0A318BC03891}.Debug|Any CPU.Deploy.0 = Debug|Any CPU
		{C05A7B01-044C-4532-98A8-0A318BC03891}.Debug|x86.ActiveCfg = Debug|Any CPU
		{C05A7B01-044C-4532-98A8-0A318BC03891}.Debug|x86.Build.0 = Debug|Any CPU
		{C05A7B01-044C-4532-98A8-0A318BC03891}.Debug|x86.Deploy.0 = Debug|Any CPU
		{C05A7B01-044C-4532-98A8-0A318BC03891}.Profile|Any CPU.ActiveCfg = Profile|Any CPU
		{C05A7B01-044C-4532-98A8-0A318BC03891}.Profile|Any CPU.Build.0 = Profile|Any CPU
		{C05A7B01-044C-4532-98A8-0A318BC03891}.Profile|Any CPU.Deploy.0 = Profile|Any CPU
		{C05A7B01-044C-4532-98A8-0A318BC03891}.Profile|x86.ActiveCfg = Profile|Any CPU
		{C05A7B01-044C-4532-98A8-0A318BC03891}.Profile|x86.Build.0 = Profile|Any CPU
		{C05A7B01-044C-4532-98A8-0A318BC03891}.Profile|x86.Deploy.0 = Profile|Any CPU
		{C05A7B01-044C-4532-98A8-0A318BC03891}.Release|Any CPU.ActiveCfg = Release|Any CPU
		{C05A7B01-044C-4532-98A8-0A318BC03891}.Release|Any CPU.Build.0 = Release|Any CPU
		{C05A7B01-044C-4532-98A8-0A318BC03891}.Release|Any CPU.Deploy.0 = Release|Any CPU
		{C05A7B01-044C-4532-98A8-0A318BC03891}.Release|x86.ActiveCfg = Release|Any CPU
		{C05A7B01-044C-4532-98A8-0A318BC03891}.Release|x86.Build.0 = Release|Any CPU
		{C05A7B01-044C-4532-98A8-0A318BC03891}.Release|x86.Deploy.0 = Release|Any CPU
		{4F88C7B5-8874-4277-A59A-0F39234481BE}.Debug|Any CPU.ActiveCfg = Debug|Any CPU
		{4F88C7B5-8874-4277-A59A-0F39234481BE}.Debug|Any CPU.Build.0 = Debug|Any CPU
		{4F88C7B5-8874-4277-A59A-0F39234481BE}.Debug|x86.ActiveCfg = Debug|Any CPU
		{4F88C7B5-8874-4277-A59A-0F39234481BE}.Debug|x86.Build.0 = Debug|Any CPU
		{4F88C7B5-8874-4277-A59A-0F39234481BE}.Profile|Any CPU.ActiveCfg = Release|Any CPU
		{4F88C7B5-8874-4277-A59A-0F39234481BE}.Profile|Any CPU.Build.0 = Release|Any CPU
		{4F88C7B5-8874-4277-A59A-0F39234481BE}.Profile|x86.ActiveCfg = Release|Any CPU
		{4F88C7B5-8874-4277-A59A-0F39234481BE}.Profile|x86.Build.0 = Release|Any CPU
		{4F88C7B5-8874-4277-A59A-0F39234481BE}.Release|Any CPU.ActiveCfg = Release|Any CPU
		{4F88C7B5-8874-4277-A59A-0F39234481BE}.Release|Any CPU.Build.0 = Release|Any CPU
		{4F88C7B5-8874-4277-A59A-0F39234481BE}.Release|x86.ActiveCfg = Release|Any CPU
		{4F88C7B5-8874-4277-A59A-0F39234481BE}.Release|x86.Build.0 = Release|Any CPU
		{F2CE2051-A22B-46D0-86BB-B243A08854D0}.Debug|Any CPU.ActiveCfg = Debug|Any CPU
		{F2CE2051-A22B-46D0-86BB-B243A08854D0}.Debug|Any CPU.Build.0 = Debug|Any CPU
		{F2CE2051-A22B-46D0-86BB-B243A08854D0}.Debug|x86.ActiveCfg = Debug|Any CPU
		{F2CE2051-A22B-46D0-86BB-B243A08854D0}.Debug|x86.Build.0 = Debug|Any CPU
		{F2CE2051-A22B-46D0-86BB-B243A08854D0}.Profile|Any CPU.ActiveCfg = Profile|Any CPU
		{F2CE2051-A22B-46D0-86BB-B243A08854D0}.Profile|Any CPU.Build.0 = Profile|Any CPU
		{F2CE2051-A22B-46D0-86BB-B243A08854D0}.Profile|x86.ActiveCfg = Profile|Any CPU
		{F2CE2051-A22B-46D0-86BB-B243A08854D0}.Profile|x86.Build.0 = Profile|Any CPU
		{F2CE2051-A22B-46D0-86BB-B243A08854D0}.Release|Any CPU.ActiveCfg = Release|Any CPU
		{F2CE2051-A22B-46D0-86BB-B243A08854D0}.Release|Any CPU.Build.0 = Release|Any CPU
		{F2CE2051-A22B-46D0-86BB-B243A08854D0}.Release|x86.ActiveCfg = Release|Any CPU
		{F2CE2051-A22B-46D0-86BB-B243A08854D0}.Release|x86.Build.0 = Release|Any CPU
		{A8F4A493-8361-4128-83B7-ABD2DC7207F3}.Debug|Any CPU.ActiveCfg = Debug|Any CPU
		{A8F4A493-8361-4128-83B7-ABD2DC7207F3}.Debug|Any CPU.Build.0 = Debug|Any CPU
		{A8F4A493-8361-4128-83B7-ABD2DC7207F3}.Debug|x86.ActiveCfg = Debug|Any CPU
		{A8F4A493-8361-4128-83B7-ABD2DC7207F3}.Debug|x86.Build.0 = Debug|Any CPU
		{A8F4A493-8361-4128-83B7-ABD2DC7207F3}.Profile|Any CPU.ActiveCfg = Debug|Any CPU
		{A8F4A493-8361-4128-83B7-ABD2DC7207F3}.Profile|Any CPU.Build.0 = Debug|Any CPU
		{A8F4A493-8361-4128-83B7-ABD2DC7207F3}.Profile|x86.ActiveCfg = Debug|Any CPU
		{A8F4A493-8361-4128-83B7-ABD2DC7207F3}.Profile|x86.Build.0 = Debug|Any CPU
		{A8F4A493-8361-4128-83B7-ABD2DC7207F3}.Release|Any CPU.ActiveCfg = Release|Any CPU
		{A8F4A493-8361-4128-83B7-ABD2DC7207F3}.Release|Any CPU.Build.0 = Release|Any CPU
		{A8F4A493-8361-4128-83B7-ABD2DC7207F3}.Release|x86.ActiveCfg = Release|Any CPU
		{A8F4A493-8361-4128-83B7-ABD2DC7207F3}.Release|x86.Build.0 = Release|Any CPU
		{34740369-389B-4059-B5DE-F991F66F27E7}.Debug|Any CPU.ActiveCfg = Debug|Any CPU
		{34740369-389B-4059-B5DE-F991F66F27E7}.Debug|Any CPU.Build.0 = Debug|Any CPU
		{34740369-389B-4059-B5DE-F991F66F27E7}.Debug|x86.ActiveCfg = Debug|Any CPU
		{34740369-389B-4059-B5DE-F991F66F27E7}.Debug|x86.Build.0 = Debug|Any CPU
		{34740369-389B-4059-B5DE-F991F66F27E7}.Profile|Any CPU.ActiveCfg = Debug|Any CPU
		{34740369-389B-4059-B5DE-F991F66F27E7}.Profile|Any CPU.Build.0 = Debug|Any CPU
		{34740369-389B-4059-B5DE-F991F66F27E7}.Profile|x86.ActiveCfg = Debug|Any CPU
		{34740369-389B-4059-B5DE-F991F66F27E7}.Profile|x86.Build.0 = Debug|Any CPU
		{34740369-389B-4059-B5DE-F991F66F27E7}.Release|Any CPU.ActiveCfg = Release|Any CPU
		{34740369-389B-4059-B5DE-F991F66F27E7}.Release|Any CPU.Build.0 = Release|Any CPU
		{34740369-389B-4059-B5DE-F991F66F27E7}.Release|x86.ActiveCfg = Release|Any CPU
		{34740369-389B-4059-B5DE-F991F66F27E7}.Release|x86.Build.0 = Release|Any CPU
		{28EE9387-9866-4ED0-B470-26AF295A0A57}.Debug|Any CPU.ActiveCfg = Debug|Any CPU
		{28EE9387-9866-4ED0-B470-26AF295A0A57}.Debug|Any CPU.Build.0 = Debug|Any CPU
		{28EE9387-9866-4ED0-B470-26AF295A0A57}.Debug|x86.ActiveCfg = Debug|Any CPU
		{28EE9387-9866-4ED0-B470-26AF295A0A57}.Debug|x86.Build.0 = Debug|Any CPU
		{28EE9387-9866-4ED0-B470-26AF295A0A57}.Profile|Any CPU.ActiveCfg = Debug|Any CPU
		{28EE9387-9866-4ED0-B470-26AF295A0A57}.Profile|Any CPU.Build.0 = Debug|Any CPU
		{28EE9387-9866-4ED0-B470-26AF295A0A57}.Profile|x86.ActiveCfg = Debug|Any CPU
		{28EE9387-9866-4ED0-B470-26AF295A0A57}.Profile|x86.Build.0 = Debug|Any CPU
		{28EE9387-9866-4ED0-B470-26AF295A0A57}.Release|Any CPU.ActiveCfg = Release|Any CPU
		{28EE9387-9866-4ED0-B470-26AF295A0A57}.Release|Any CPU.Build.0 = Release|Any CPU
		{28EE9387-9866-4ED0-B470-26AF295A0A57}.Release|x86.ActiveCfg = Release|Any CPU
		{28EE9387-9866-4ED0-B470-26AF295A0A57}.Release|x86.Build.0 = Release|Any CPU
		{ED6BA0E1-BC43-43E2-8EDB-85654B649A2A}.Debug|Any CPU.ActiveCfg = Debug|Any CPU
		{ED6BA0E1-BC43-43E2-8EDB-85654B649A2A}.Debug|Any CPU.Build.0 = Debug|Any CPU
		{ED6BA0E1-BC43-43E2-8EDB-85654B649A2A}.Debug|x86.ActiveCfg = Debug|Any CPU
		{ED6BA0E1-BC43-43E2-8EDB-85654B649A2A}.Debug|x86.Build.0 = Debug|Any CPU
		{ED6BA0E1-BC43-43E2-8EDB-85654B649A2A}.Profile|Any CPU.ActiveCfg = Debug|Any CPU
		{ED6BA0E1-BC43-43E2-8EDB-85654B649A2A}.Profile|Any CPU.Build.0 = Debug|Any CPU
		{ED6BA0E1-BC43-43E2-8EDB-85654B649A2A}.Profile|x86.ActiveCfg = Debug|Any CPU
		{ED6BA0E1-BC43-43E2-8EDB-85654B649A2A}.Profile|x86.Build.0 = Debug|Any CPU
		{ED6BA0E1-BC43-43E2-8EDB-85654B649A2A}.Release|Any CPU.ActiveCfg = Release|Any CPU
		{ED6BA0E1-BC43-43E2-8EDB-85654B649A2A}.Release|Any CPU.Build.0 = Release|Any CPU
		{ED6BA0E1-BC43-43E2-8EDB-85654B649A2A}.Release|x86.ActiveCfg = Release|Any CPU
		{ED6BA0E1-BC43-43E2-8EDB-85654B649A2A}.Release|x86.Build.0 = Release|Any CPU
		{0758E16E-5217-4627-B1F6-8E6EF9621BBC}.Debug|Any CPU.ActiveCfg = Debug|Any CPU
		{0758E16E-5217-4627-B1F6-8E6EF9621BBC}.Debug|Any CPU.Build.0 = Debug|Any CPU
		{0758E16E-5217-4627-B1F6-8E6EF9621BBC}.Debug|x86.ActiveCfg = Debug|Any CPU
		{0758E16E-5217-4627-B1F6-8E6EF9621BBC}.Debug|x86.Build.0 = Debug|Any CPU
		{0758E16E-5217-4627-B1F6-8E6EF9621BBC}.Profile|Any CPU.ActiveCfg = Debug|Any CPU
		{0758E16E-5217-4627-B1F6-8E6EF9621BBC}.Profile|Any CPU.Build.0 = Debug|Any CPU
		{0758E16E-5217-4627-B1F6-8E6EF9621BBC}.Profile|x86.ActiveCfg = Debug|Any CPU
		{0758E16E-5217-4627-B1F6-8E6EF9621BBC}.Profile|x86.Build.0 = Debug|Any CPU
		{0758E16E-5217-4627-B1F6-8E6EF9621BBC}.Release|Any CPU.ActiveCfg = Release|Any CPU
		{0758E16E-5217-4627-B1F6-8E6EF9621BBC}.Release|Any CPU.Build.0 = Release|Any CPU
		{0758E16E-5217-4627-B1F6-8E6EF9621BBC}.Release|x86.ActiveCfg = Release|Any CPU
		{0758E16E-5217-4627-B1F6-8E6EF9621BBC}.Release|x86.Build.0 = Release|Any CPU
		{755588EE-2966-40B9-9B11-E273B9BDB828}.Debug|Any CPU.ActiveCfg = Debug|Any CPU
		{755588EE-2966-40B9-9B11-E273B9BDB828}.Debug|Any CPU.Build.0 = Debug|Any CPU
		{755588EE-2966-40B9-9B11-E273B9BDB828}.Debug|x86.ActiveCfg = Debug|Any CPU
		{755588EE-2966-40B9-9B11-E273B9BDB828}.Debug|x86.Build.0 = Debug|Any CPU
		{755588EE-2966-40B9-9B11-E273B9BDB828}.Profile|Any CPU.ActiveCfg = Debug|Any CPU
		{755588EE-2966-40B9-9B11-E273B9BDB828}.Profile|Any CPU.Build.0 = Debug|Any CPU
		{755588EE-2966-40B9-9B11-E273B9BDB828}.Profile|x86.ActiveCfg = Debug|Any CPU
		{755588EE-2966-40B9-9B11-E273B9BDB828}.Profile|x86.Build.0 = Debug|Any CPU
		{755588EE-2966-40B9-9B11-E273B9BDB828}.Release|Any CPU.ActiveCfg = Release|Any CPU
		{755588EE-2966-40B9-9B11-E273B9BDB828}.Release|Any CPU.Build.0 = Release|Any CPU
		{755588EE-2966-40B9-9B11-E273B9BDB828}.Release|x86.ActiveCfg = Release|Any CPU
		{755588EE-2966-40B9-9B11-E273B9BDB828}.Release|x86.Build.0 = Release|Any CPU
		{E7707D6E-760C-4934-91E2-DD1D0C6D8E9C}.Debug|Any CPU.ActiveCfg = Debug|Any CPU
		{E7707D6E-760C-4934-91E2-DD1D0C6D8E9C}.Debug|Any CPU.Build.0 = Debug|Any CPU
		{E7707D6E-760C-4934-91E2-DD1D0C6D8E9C}.Debug|x86.ActiveCfg = Debug|Any CPU
		{E7707D6E-760C-4934-91E2-DD1D0C6D8E9C}.Debug|x86.Build.0 = Debug|Any CPU
		{E7707D6E-760C-4934-91E2-DD1D0C6D8E9C}.Profile|Any CPU.ActiveCfg = Debug|Any CPU
		{E7707D6E-760C-4934-91E2-DD1D0C6D8E9C}.Profile|Any CPU.Build.0 = Debug|Any CPU
		{E7707D6E-760C-4934-91E2-DD1D0C6D8E9C}.Profile|x86.ActiveCfg = Debug|Any CPU
		{E7707D6E-760C-4934-91E2-DD1D0C6D8E9C}.Profile|x86.Build.0 = Debug|Any CPU
		{E7707D6E-760C-4934-91E2-DD1D0C6D8E9C}.Release|Any CPU.ActiveCfg = Release|Any CPU
		{E7707D6E-760C-4934-91E2-DD1D0C6D8E9C}.Release|Any CPU.Build.0 = Release|Any CPU
		{E7707D6E-760C-4934-91E2-DD1D0C6D8E9C}.Release|x86.ActiveCfg = Release|Any CPU
		{E7707D6E-760C-4934-91E2-DD1D0C6D8E9C}.Release|x86.Build.0 = Release|Any CPU
		{8B6F758A-697D-4C58-9E8A-9FA10CB04796}.Debug|Any CPU.ActiveCfg = Debug|Any CPU
		{8B6F758A-697D-4C58-9E8A-9FA10CB04796}.Debug|Any CPU.Build.0 = Debug|Any CPU
		{8B6F758A-697D-4C58-9E8A-9FA10CB04796}.Debug|x86.ActiveCfg = Debug|Any CPU
		{8B6F758A-697D-4C58-9E8A-9FA10CB04796}.Debug|x86.Build.0 = Debug|Any CPU
		{8B6F758A-697D-4C58-9E8A-9FA10CB04796}.Profile|Any CPU.ActiveCfg = Debug|Any CPU
		{8B6F758A-697D-4C58-9E8A-9FA10CB04796}.Profile|Any CPU.Build.0 = Debug|Any CPU
		{8B6F758A-697D-4C58-9E8A-9FA10CB04796}.Profile|x86.ActiveCfg = Debug|Any CPU
		{8B6F758A-697D-4C58-9E8A-9FA10CB04796}.Profile|x86.Build.0 = Debug|Any CPU
		{8B6F758A-697D-4C58-9E8A-9FA10CB04796}.Release|Any CPU.ActiveCfg = Release|Any CPU
		{8B6F758A-697D-4C58-9E8A-9FA10CB04796}.Release|Any CPU.Build.0 = Release|Any CPU
		{8B6F758A-697D-4C58-9E8A-9FA10CB04796}.Release|x86.ActiveCfg = Release|Any CPU
		{8B6F758A-697D-4C58-9E8A-9FA10CB04796}.Release|x86.Build.0 = Release|Any CPU
		{649EE027-7DC2-4578-8E5E-33812482E6B4}.Debug|Any CPU.ActiveCfg = Debug|Any CPU
		{649EE027-7DC2-4578-8E5E-33812482E6B4}.Debug|Any CPU.Build.0 = Debug|Any CPU
		{649EE027-7DC2-4578-8E5E-33812482E6B4}.Debug|x86.ActiveCfg = Debug|Any CPU
		{649EE027-7DC2-4578-8E5E-33812482E6B4}.Debug|x86.Build.0 = Debug|Any CPU
		{649EE027-7DC2-4578-8E5E-33812482E6B4}.Profile|Any CPU.ActiveCfg = Debug|Any CPU
		{649EE027-7DC2-4578-8E5E-33812482E6B4}.Profile|Any CPU.Build.0 = Debug|Any CPU
		{649EE027-7DC2-4578-8E5E-33812482E6B4}.Profile|x86.ActiveCfg = Debug|Any CPU
		{649EE027-7DC2-4578-8E5E-33812482E6B4}.Profile|x86.Build.0 = Debug|Any CPU
		{649EE027-7DC2-4578-8E5E-33812482E6B4}.Release|Any CPU.ActiveCfg = Release|Any CPU
		{649EE027-7DC2-4578-8E5E-33812482E6B4}.Release|Any CPU.Build.0 = Release|Any CPU
		{649EE027-7DC2-4578-8E5E-33812482E6B4}.Release|x86.ActiveCfg = Release|Any CPU
		{649EE027-7DC2-4578-8E5E-33812482E6B4}.Release|x86.Build.0 = Release|Any CPU
		{E6AFA8AC-1FAE-475C-B680-A996975A29B6}.Debug|Any CPU.ActiveCfg = Debug|Any CPU
		{E6AFA8AC-1FAE-475C-B680-A996975A29B6}.Debug|Any CPU.Build.0 = Debug|Any CPU
		{E6AFA8AC-1FAE-475C-B680-A996975A29B6}.Debug|x86.ActiveCfg = Debug|Any CPU
		{E6AFA8AC-1FAE-475C-B680-A996975A29B6}.Debug|x86.Build.0 = Debug|Any CPU
		{E6AFA8AC-1FAE-475C-B680-A996975A29B6}.Profile|Any CPU.ActiveCfg = Debug|Any CPU
		{E6AFA8AC-1FAE-475C-B680-A996975A29B6}.Profile|Any CPU.Build.0 = Debug|Any CPU
		{E6AFA8AC-1FAE-475C-B680-A996975A29B6}.Profile|x86.ActiveCfg = Debug|Any CPU
		{E6AFA8AC-1FAE-475C-B680-A996975A29B6}.Profile|x86.Build.0 = Debug|Any CPU
		{E6AFA8AC-1FAE-475C-B680-A996975A29B6}.Release|Any CPU.ActiveCfg = Release|Any CPU
		{E6AFA8AC-1FAE-475C-B680-A996975A29B6}.Release|Any CPU.Build.0 = Release|Any CPU
		{E6AFA8AC-1FAE-475C-B680-A996975A29B6}.Release|x86.ActiveCfg = Release|Any CPU
		{E6AFA8AC-1FAE-475C-B680-A996975A29B6}.Release|x86.Build.0 = Release|Any CPU
		{310C36E9-2545-466E-B6F9-F09EC4F101A1}.Debug|Any CPU.ActiveCfg = Debug|Any CPU
		{310C36E9-2545-466E-B6F9-F09EC4F101A1}.Debug|Any CPU.Build.0 = Debug|Any CPU
		{310C36E9-2545-466E-B6F9-F09EC4F101A1}.Debug|x86.ActiveCfg = Debug|Any CPU
		{310C36E9-2545-466E-B6F9-F09EC4F101A1}.Debug|x86.Build.0 = Debug|Any CPU
		{310C36E9-2545-466E-B6F9-F09EC4F101A1}.Profile|Any CPU.ActiveCfg = Debug|Any CPU
		{310C36E9-2545-466E-B6F9-F09EC4F101A1}.Profile|Any CPU.Build.0 = Debug|Any CPU
		{310C36E9-2545-466E-B6F9-F09EC4F101A1}.Profile|x86.ActiveCfg = Debug|Any CPU
		{310C36E9-2545-466E-B6F9-F09EC4F101A1}.Profile|x86.Build.0 = Debug|Any CPU
		{310C36E9-2545-466E-B6F9-F09EC4F101A1}.Release|Any CPU.ActiveCfg = Release|Any CPU
		{310C36E9-2545-466E-B6F9-F09EC4F101A1}.Release|Any CPU.Build.0 = Release|Any CPU
		{310C36E9-2545-466E-B6F9-F09EC4F101A1}.Release|x86.ActiveCfg = Release|Any CPU
		{310C36E9-2545-466E-B6F9-F09EC4F101A1}.Release|x86.Build.0 = Release|Any CPU
	EndGlobalSection
	GlobalSection(SolutionProperties) = preSolution
		HideSolutionNode = FALSE
	EndGlobalSection
	GlobalSection(NestedProjects) = preSolution
		{F2CE2051-A22B-46D0-86BB-B243A08854D0} = {FEA7B92B-98BA-46EA-8968-CBDE76CF24D7}
		{A8F4A493-8361-4128-83B7-ABD2DC7207F3} = {FEA7B92B-98BA-46EA-8968-CBDE76CF24D7}
		{C27D43F1-B37F-4488-A829-B0C2C499102D} = {FEA7B92B-98BA-46EA-8968-CBDE76CF24D7}
		{34740369-389B-4059-B5DE-F991F66F27E7} = {355C4190-4178-41FA-89AE-EF202205545C}
		{28EE9387-9866-4ED0-B470-26AF295A0A57} = {355C4190-4178-41FA-89AE-EF202205545C}
		{ED6BA0E1-BC43-43E2-8EDB-85654B649A2A} = {355C4190-4178-41FA-89AE-EF202205545C}
		{0758E16E-5217-4627-B1F6-8E6EF9621BBC} = {355C4190-4178-41FA-89AE-EF202205545C}
		{755588EE-2966-40B9-9B11-E273B9BDB828} = {355C4190-4178-41FA-89AE-EF202205545C}
		{E7707D6E-760C-4934-91E2-DD1D0C6D8E9C} = {355C4190-4178-41FA-89AE-EF202205545C}
		{8B6F758A-697D-4C58-9E8A-9FA10CB04796} = {180EFDF1-F198-40A6-B9F8-5DEB8932C4B9}
		{649EE027-7DC2-4578-8E5E-33812482E6B4} = {FEA7B92B-98BA-46EA-8968-CBDE76CF24D7}
		{E6AFA8AC-1FAE-475C-B680-A996975A29B6} = {FEA7B92B-98BA-46EA-8968-CBDE76CF24D7}
		{310C36E9-2545-466E-B6F9-F09EC4F101A1} = {355C4190-4178-41FA-89AE-EF202205545C}
	EndGlobalSection
	GlobalSection(ExtensibilityGlobals) = postSolution
		SolutionGuid = {9C152AC2-B1C8-47CC-98C6-B566DD992425}
	EndGlobalSection
	GlobalSection(SharedMSBuildProjectFiles) = preSolution
		NatCruise.Test.Common\NatCruise.Test.Common.projitems*{a8f4a493-8361-4128-83b7-abd2dc7207f3}*SharedItemsImports = 5
		NatCruise.Test.Common\NatCruise.Test.Common.projitems*{c27d43f1-b37f-4488-a829-b0c2c499102d}*SharedItemsImports = 13
		NatCruise.Test.Common\NatCruise.Test.Common.projitems*{e6afa8ac-1fae-475c-b680-a996975a29b6}*SharedItemsImports = 5
		NatCruise.Test.Common\NatCruise.Test.Common.projitems*{f2ce2051-a22b-46d0-86bb-b243a08854d0}*SharedItemsImports = 5
	EndGlobalSection
EndGlobal
